
Microsoft Visual Studio Solution File, Format Version 12.00
# Visual Studio Version 16
VisualStudioVersion = 16.0.30204.135
MinimumVisualStudioVersion = 10.0.40219.1
Project("{9A19103F-16F7-4668-BE54-9A1E7A4F7556}") = "DacernSkyblock", "DacernSkyblock.csproj", "{0B3FBA64-45AF-436C-8962-4925A3BEBD7C}"
EndProject
Global
	GlobalSection(SolutionConfigurationPlatforms) = preSolution
		Debug|Any CPU = Debug|Any CPU
		Release|Any CPU = Release|Any CPU
	EndGlobalSection
	GlobalSection(ProjectConfigurationPlatforms) = postSolution
		{0B3FBA64-45AF-436C-8962-4925A3BEBD7C}.Debug|Any CPU.ActiveCfg = Debug|Any CPU
		{0B3FBA64-45AF-436C-8962-4925A3BEBD7C}.Debug|Any CPU.Build.0 = Debug|Any CPU
		{0B3FBA64-45AF-436C-8962-4925A3BEBD7C}.Release|Any CPU.ActiveCfg = Release|Any CPU
		{0B3FBA64-45AF-436C-8962-4925A3BEBD7C}.Release|Any CPU.Build.0 = Release|Any CPU
	EndGlobalSection
	GlobalSection(SolutionProperties) = preSolution
		HideSolutionNode = FALSE
	EndGlobalSection
	GlobalSection(ExtensibilityGlobals) = postSolution
		SolutionGuid = {FCF32256-CA0E-49C3-A9BE-62144BD29B31}
	EndGlobalSection
EndGlobal
